Microsoft Visual Studio Solution File, Format Version 8.00
Project("{FAE04EC0-301F-11D3-BF4B-00C04F79EFBC}") = "Miner_Highlearn_GUI", "Miner_Highlearn_GUI\Miner_Highlearn_GUI.csproj", "{DDEA7E4F-8687-4F0C-8E06-6379AE375947}"
	ProjectSection(ProjectDependencies) = postProject
		{5B551332-DEB1-4987-8E90-A95733C7586E} = {5B551332-DEB1-4987-8E90-A95733C7586E}
		{505EC753-67D2-4BD8-9527-AE6495006272} = {505EC753-67D2-4BD8-9527-AE6495006272}
		{17037082-28C6-4CF5-BF32-4370E08C3A6A} = {17037082-28C6-4CF5-BF32-4370E08C3A6A}
		{6A836AE3-C648-41F9-90E1-54A79397E18E} = {6A836AE3-C648-41F9-90E1-54A79397E18E}
	EndProjectSection
EndProject
Project("{FAE04EC0-301F-11D3-BF4B-00C04F79EFBC}") = "Miner_Highlearn_API", "Miner_Highlearn_API\Miner_Highlearn_API.csproj", "{6A836AE3-C648-41F9-90E1-54A79397E18E}"
	ProjectSection(ProjectDependencies) = postProject
	EndProjectSection
EndProject
Project("{FAE04EC0-301F-11D3-BF4B-00C04F79EFBC}") = "My_HTTP", "My_HTTP\My_HTTP.csproj", "{435B26C8-431E-4B76-A43A-873AE68C5ABC}"
	ProjectSection(ProjectDependencies) = postProject
	EndProjectSection
EndProject
Project("{FAE04EC0-301F-11D3-BF4B-00C04F79EFBC}") = "API_HL_TAU", "API_HL_TAU\API_HL_TAU.csproj", "{5B551332-DEB1-4987-8E90-A95733C7586E}"
	ProjectSection(ProjectDependencies) = postProject
		{435B26C8-431E-4B76-A43A-873AE68C5ABC} = {435B26C8-431E-4B76-A43A-873AE68C5ABC}
		{6A836AE3-C648-41F9-90E1-54A79397E18E} = {6A836AE3-C648-41F9-90E1-54A79397E18E}
	EndProjectSection
EndProject
Project("{FAE04EC0-301F-11D3-BF4B-00C04F79EFBC}") = "API_HL_BIU", "API_HL_BIU\API_HL_BIU.csproj", "{94C32300-B78A-40B1-AF04-60761794C8A3}"
	ProjectSection(ProjectDependencies) = postProject
	EndProjectSection
EndProject
Project("{FAE04EC0-301F-11D3-BF4B-00C04F79EFBC}") = "API_HL_BGU", "API_HL_BGU\API_HL_BGU.csproj", "{EFAF8E57-4655-4F2B-8376-89AACB65E439}"
	ProjectSection(ProjectDependencies) = postProject
		{435B26C8-431E-4B76-A43A-873AE68C5ABC} = {435B26C8-431E-4B76-A43A-873AE68C5ABC}
		{6A836AE3-C648-41F9-90E1-54A79397E18E} = {6A836AE3-C648-41F9-90E1-54A79397E18E}
	EndProjectSection
EndProject
Project("{FAE04EC0-301F-11D3-BF4B-00C04F79EFBC}") = "API_HL_HUJI", "API_HL_HUJI\API_HL_HUJI.csproj", "{17037082-28C6-4CF5-BF32-4370E08C3A6A}"
	ProjectSection(ProjectDependencies) = postProject
		{435B26C8-431E-4B76-A43A-873AE68C5ABC} = {435B26C8-431E-4B76-A43A-873AE68C5ABC}
		{6A836AE3-C648-41F9-90E1-54A79397E18E} = {6A836AE3-C648-41F9-90E1-54A79397E18E}
	EndProjectSection
EndProject
Project("{FAE04EC0-301F-11D3-BF4B-00C04F79EFBC}") = "API_HL_Haifa", "API_HL_HAIFA\API_HL_Haifa.csproj", "{505EC753-67D2-4BD8-9527-AE6495006272}"
	ProjectSection(ProjectDependencies) = postProject
		{435B26C8-431E-4B76-A43A-873AE68C5ABC} = {435B26C8-431E-4B76-A43A-873AE68C5ABC}
		{6A836AE3-C648-41F9-90E1-54A79397E18E} = {6A836AE3-C648-41F9-90E1-54A79397E18E}
	EndProjectSection
EndProject
Project("{FAE04EC0-301F-11D3-BF4B-00C04F79EFBC}") = "API_HL_Colman", "API_HL_COLMAN\API_HL_Colman.csproj", "{541F0EE3-94A9-475B-BC2F-551A905BF9F3}"
	ProjectSection(ProjectDependencies) = postProject
	EndProjectSection
EndProject
Project("{FAE04EC0-301F-11D3-BF4B-00C04F79EFBC}") = "API_HL_HIT", "API_HL_HIT\API_HL_HIT.csproj", "{66AD2DB7-475A-49B7-85AA-076C6A7FF358}"
	ProjectSection(ProjectDependencies) = postProject
	EndProjectSection
EndProject
Project("{FAE04EC0-301F-11D3-BF4B-00C04F79EFBC}") = "API_HL_Sapir", "API_HL_Sapir\API_HL_Sapir.csproj", "{1D34CB93-E41B-4C79-A647-D5A63C30D2F5}"
	ProjectSection(ProjectDependencies) = postProject
	EndProjectSection
EndProject
Global
	GlobalSection(SolutionConfiguration) = preSolution
		Debug = Debug
		Release = Release
	EndGlobalSection
	GlobalSection(ProjectConfiguration) = postSolution
		{DDEA7E4F-8687-4F0C-8E06-6379AE375947}.Debug.ActiveCfg = Debug|.NET
		{DDEA7E4F-8687-4F0C-8E06-6379AE375947}.Debug.Build.0 = Debug|.NET
		{DDEA7E4F-8687-4F0C-8E06-6379AE375947}.Release.ActiveCfg = Release|.NET
		{DDEA7E4F-8687-4F0C-8E06-6379AE375947}.Release.Build.0 = Release|.NET
		{6A836AE3-C648-41F9-90E1-54A79397E18E}.Debug.ActiveCfg = Debug|.NET
		{6A836AE3-C648-41F9-90E1-54A79397E18E}.Debug.Build.0 = Debug|.NET
		{6A836AE3-C648-41F9-90E1-54A79397E18E}.Release.ActiveCfg = Release|.NET
		{6A836AE3-C648-41F9-90E1-54A79397E18E}.Release.Build.0 = Release|.NET
		{435B26C8-431E-4B76-A43A-873AE68C5ABC}.Debug.ActiveCfg = Debug|.NET
		{435B26C8-431E-4B76-A43A-873AE68C5ABC}.Debug.Build.0 = Debug|.NET
		{435B26C8-431E-4B76-A43A-873AE68C5ABC}.Release.ActiveCfg = Release|.NET
		{435B26C8-431E-4B76-A43A-873AE68C5ABC}.Release.Build.0 = Release|.NET
		{5B551332-DEB1-4987-8E90-A95733C7586E}.Debug.ActiveCfg = Debug|.NET
		{5B551332-DEB1-4987-8E90-A95733C7586E}.Debug.Build.0 = Debug|.NET
		{5B551332-DEB1-4987-8E90-A95733C7586E}.Release.ActiveCfg = Release|.NET
		{5B551332-DEB1-4987-8E90-A95733C7586E}.Release.Build.0 = Release|.NET
		{94C32300-B78A-40B1-AF04-60761794C8A3}.Debug.ActiveCfg = Debug|.NET
		{94C32300-B78A-40B1-AF04-60761794C8A3}.Debug.Build.0 = Debug|.NET
		{94C32300-B78A-40B1-AF04-60761794C8A3}.Release.ActiveCfg = Release|.NET
		{94C32300-B78A-40B1-AF04-60761794C8A3}.Release.Build.0 = Release|.NET
		{EFAF8E57-4655-4F2B-8376-89AACB65E439}.Debug.ActiveCfg = Debug|.NET
		{EFAF8E57-4655-4F2B-8376-89AACB65E439}.Debug.Build.0 = Debug|.NET
		{EFAF8E57-4655-4F2B-8376-89AACB65E439}.Release.ActiveCfg = Release|.NET
		{EFAF8E57-4655-4F2B-8376-89AACB65E439}.Release.Build.0 = Release|.NET
		{17037082-28C6-4CF5-BF32-4370E08C3A6A}.Debug.ActiveCfg = Debug|.NET
		{17037082-28C6-4CF5-BF32-4370E08C3A6A}.Debug.Build.0 = Debug|.NET
		{17037082-28C6-4CF5-BF32-4370E08C3A6A}.Release.ActiveCfg = Release|.NET
		{17037082-28C6-4CF5-BF32-4370E08C3A6A}.Release.Build.0 = Release|.NET
		{505EC753-67D2-4BD8-9527-AE6495006272}.Debug.ActiveCfg = Debug|.NET
		{505EC753-67D2-4BD8-9527-AE6495006272}.Debug.Build.0 = Debug|.NET
		{505EC753-67D2-4BD8-9527-AE6495006272}.Release.ActiveCfg = Release|.NET
		{505EC753-67D2-4BD8-9527-AE6495006272}.Release.Build.0 = Release|.NET
		{541F0EE3-94A9-475B-BC2F-551A905BF9F3}.Debug.ActiveCfg = Debug|.NET
		{541F0EE3-94A9-475B-BC2F-551A905BF9F3}.Debug.Build.0 = Debug|.NET
		{541F0EE3-94A9-475B-BC2F-551A905BF9F3}.Release.ActiveCfg = Release|.NET
		{541F0EE3-94A9-475B-BC2F-551A905BF9F3}.Release.Build.0 = Release|.NET
		{66AD2DB7-475A-49B7-85AA-076C6A7FF358}.Debug.ActiveCfg = Debug|.NET
		{66AD2DB7-475A-49B7-85AA-076C6A7FF358}.Debug.Build.0 = Debug|.NET
		{66AD2DB7-475A-49B7-85AA-076C6A7FF358}.Release.ActiveCfg = Release|.NET
		{66AD2DB7-475A-49B7-85AA-076C6A7FF358}.Release.Build.0 = Release|.NET
		{1D34CB93-E41B-4C79-A647-D5A63C30D2F5}.Debug.ActiveCfg = Debug|.NET
		{1D34CB93-E41B-4C79-A647-D5A63C30D2F5}.Debug.Build.0 = Debug|.NET
		{1D34CB93-E41B-4C79-A647-D5A63C30D2F5}.Release.ActiveCfg = Release|.NET
		{1D34CB93-E41B-4C79-A647-D5A63C30D2F5}.Release.Build.0 = Release|.NET
	EndGlobalSection
	GlobalSection(ExtensibilityGlobals) = postSolution
	EndGlobalSection
	GlobalSection(ExtensibilityAddIns) = postSolution
	EndGlobalSection
EndGlobal
